// !$*UTF8*$!
{
	archiveVersion = 1;
	classes = {
	};
	objectVersion = 50;
	objects = {

/* Begin PBXBuildFile section */
		4494C6EC266AC275001F402E /* AppDelegate.swift in Sources */ = {isa = PBXBuildFile; fileRef = 4494C6EB266AC275001F402E /* AppDelegate.swift */; };
		4494C6EE266AC275001F402E /* SceneDelegate.swift in Sources */ = {isa = PBXBuildFile; fileRef = 4494C6ED266AC275001F402E /* SceneDelegate.swift */; };
		4494C6F0266AC275001F402E /* ViewController.swift in Sources */ = {isa = PBXBuildFile; fileRef = 4494C6EF266AC275001F402E /* ViewController.swift */; };
		4494C6F3266AC275001F402E /* Main.storyboard in Resources */ = {isa = PBXBuildFile; fileRef = 4494C6F1266AC275001F402E /* Main.storyboard */; };
		4494C6F5266AC278001F402E /* Assets.xcassets in Resources */ = {isa = PBXBuildFile; fileRef = 4494C6F4266AC278001F402E /* Assets.xcassets */; };
		4494C6F8266AC278001F402E /* LaunchScreen.storyboard in Resources */ = {isa = PBXBuildFile; fileRef = 4494C6F6266AC278001F402E /* LaunchScreen.storyboard */; };
		4494C705266AC533001F402E /* UserModel.swift in Sources */ = {isa = PBXBuildFile; fileRef = 4494C704266AC533001F402E /* UserModel.swift */; };
		4494C708266AC6D6001F402E /* UserViewModel.swift in Sources */ = {isa = PBXBuildFile; fileRef = 4494C707266AC6D6001F402E /* UserViewModel.swift */; };
/* End PBXBuildFile section */

/* Begin PBXFileReference section */
		4494C6E8266AC275001F402E /* Alamfire MVVM.app */ = {isa = PBXFileReference; explicitFileType = wrapper.application; includeInIndex = 0; path = "Alamfire MVVM.app"; sourceTree = BUILT_PRODUCTS_DIR; };
		4494C6EB266AC275001F402E /* AppDelegate.swift */ = {isa = PBXFileReference; lastKnownFileType = sourcecode.swift; path = AppDelegate.swift; sourceTree = "<group>"; };
		4494C6ED266AC275001F402E /* SceneDelegate.swift */ = {isa = PBXFileReference; lastKnownFileType = sourcecode.swift; path = SceneDelegate.swift; sourceTree = "<group>"; };
		4494C6EF266AC275001F402E /* ViewController.swift */ = {isa = PBXFileReference; lastKnownFileType = sourcecode.swift; path = ViewController.swift; sourceTree = "<group>"; };
		4494C6F2266AC275001F402E /* Base */ = {isa = PBXFileReference; lastKnownFileType = file.storyboard; name = Base; path = Base.lproj/Main.storyboard; sourceTree = "<group>"; };
		4494C6F4266AC278001F402E /* Assets.xcassets */ = {isa = PBXFileReference; lastKnownFileType = folder.assetcatalog; path = Assets.xcassets; sourceTree = "<group>"; };
		4494C6F7266AC278001F402E /* Base */ = {isa = PBXFileReference; lastKnownFileType = file.storyboard; name = Base; path = Base.lproj/LaunchScreen.storyboard; sourceTree = "<group>"; };
		4494C6F9266AC278001F402E /* Info.plist */ = {isa = PBXFileReference; lastKnownFileType = text.plist.xml; path = Info.plist; sourceTree = "<group>"; };
		4494C704266AC533001F402E /* UserModel.swift */ = {isa = PBXFileReference; fileEncoding = 4; lastKnownFileType = sourcecode.swift; path = UserModel.swift; sourceTree = "<group>"; };
		4494C707266AC6D6001F402E /* UserViewModel.swift */ = {isa = PBXFileReference; lastKnownFileType = sourcecode.swift; path = UserViewModel.swift; sourceTree = "<group>"; };
/* End PBXFileReference section */

/* Begin PBXFrameworksBuildPhase section */
		4494C6E5266AC275001F402E /* Frameworks */ = {
			isa = PBXFrameworksBuildPhase;
			buildActionMask = 2147483647;
			files = (
			);
			runOnlyForDeploymentPostprocessing = 0;
		};
/* End PBXFrameworksBuildPhase section */

/* Begin PBXGroup section */
		4494C6DF266AC275001F402E = {
			isa = PBXGroup;
			children = (
				4494C6EA266AC275001F402E /* Alamfire MVVM */,
				4494C6E9266AC275001F402E /* Products */,
			);
			sourceTree = "<group>";
		};
		4494C6E9266AC275001F402E /* Products */ = {
			isa = PBXGroup;
			children = (
				4494C6E8266AC275001F402E /* Alamfire MVVM.app */,
			);
			name = Products;
			sourceTree = "<group>";
		};
		4494C6EA266AC275001F402E /* Alamfire MVVM */ = {
			isa = PBXGroup;
			children = (
				4494C700266AC48A001F402E /* Model */,
				4494C701266AC491001F402E /* ViewModel */,
				4494C702266AC49B001F402E /* View */,
				4494C703266AC4A2001F402E /* Controller */,
				4494C6EB266AC275001F402E /* AppDelegate.swift */,
				4494C6ED266AC275001F402E /* SceneDelegate.swift */,
				4494C6EF266AC275001F402E /* ViewController.swift */,
				4494C6F1266AC275001F402E /* Main.storyboard */,
				4494C6F4266AC278001F402E /* Assets.xcassets */,
				4494C6F6266AC278001F402E /* LaunchScreen.storyboard */,
				4494C6F9266AC278001F402E /* Info.plist */,
			);
			path = "Alamfire MVVM";
			sourceTree = "<group>";
		};
		4494C700266AC48A001F402E /* Model */ = {
			isa = PBXGroup;
			children = (
				4494C704266AC533001F402E /* UserModel.swift */,
			);
			path = Model;
			sourceTree = "<group>";
		};
		4494C701266AC491001F402E /* ViewModel */ = {
			isa = PBXGroup;
			children = (
				4494C707266AC6D6001F402E /* UserViewModel.swift */,
			);
			path = ViewModel;
			sourceTree = "<group>";
		};
		4494C702266AC49B001F402E /* View */ = {
			isa = PBXGroup;
			children = (
			);
			path = View;
			sourceTree = "<group>";
		};
		4494C703266AC4A2001F402E /* Controller */ = {
			isa = PBXGroup;
			children = (
			);
			path = Controller;
			sourceTree = "<group>";
		};
/* End PBXGroup section */

/* Begin PBXNativeTarget section */
		4494C6E7266AC275001F402E /* Alamfire MVVM */ = {
			isa = PBXNativeTarget;
			buildConfigurationList = 4494C6FC266AC278001F402E /* Build configuration list for PBXNativeTarget "Alamfire MVVM" */;
			buildPhases = (
				4494C6E4266AC275001F402E /* Sources */,
				4494C6E5266AC275001F402E /* Frameworks */,
				4494C6E6266AC275001F402E /* Resources */,
			);
			buildRules = (
			);
			dependencies = (
			);
			name = "Alamfire MVVM";
			productName = "Alamfire MVVM";
			productReference = 4494C6E8266AC275001F402E /* Alamfire MVVM.app */;
			productType = "com.apple.product-type.application";
		};
/* End PBXNativeTarget section */

/* Begin PBXProject section */
		4494C6E0266AC275001F402E /* Project object */ = {
			isa = PBXProject;
			attributes = {
				LastSwiftUpdateCheck = 1240;
				LastUpgradeCheck = 1240;
				TargetAttributes = {
					4494C6E7266AC275001F402E = {
						CreatedOnToolsVersion = 12.4;
					};
				};
			};
			buildConfigurationList = 4494C6E3266AC275001F402E /* Build configuration list for PBXProject "Alamfire MVVM" */;
			compatibilityVersion = "Xcode 9.3";
			developmentRegion = en;
			hasScannedForEncodings = 0;
			knownRegions = (
				en,
				Base,
			);
			mainGroup = 4494C6DF266AC275001F402E;
			productRefGroup = 4494C6E9266AC275001F402E /* Products */;
			projectDirPath = "";
			projectRoot = "";
			targets = (
				4494C6E7266AC275001F402E /* Alamfire MVVM */,
			);
		};
/* End PBXProject section */

/* Begin PBXResourcesBuildPhase section */
		4494C6E6266AC275001F402E /* Resources */ = {
			isa = PBXResourcesBuildPhase;
			buildActionMask = 2147483647;
			files = (
				4494C6F8266AC278001F402E /* LaunchScreen.storyboard in Resources */,
				4494C6F5266AC278001F402E /* Assets.xcassets in Resources */,
				4494C6F3266AC275001F402E /* Main.storyboard in Resources */,
			);
			runOnlyForDeploymentPostprocessing = 0;
		};
/* End PBXResourcesBuildPhase section */

/* Begin PBXSourcesBuildPhase section */
		4494C6E4266AC275001F402E /* Sources */ = {
			isa = PBXSourcesBuildPhase;
			buildActionMask = 2147483647;
			files = (
				4494C6F0266AC275001F402E /* ViewController.swift in Sources */,
				4494C705266AC533001F402E /* UserModel.swift in Sources */,
				4494C6EC266AC275001F402E /* AppDelegate.swift in Sources */,
				4494C708266AC6D6001F402E /* UserViewModel.swift in Sources */,
				4494C6EE266AC275001F402E /* SceneDelegate.swift in Sources */,
			);
			runOnlyForDeploymentPostprocessing = 0;
		};
/* End PBXSourcesBuildPhase section */

/* Begin PBXVariantGroup section */
		4494C6F1266AC275001F402E /* Main.storyboard */ = {
			isa = PBXVariantGroup;
			children = (
				4494C6F2266AC275001F402E /* Base */,
			);
			name = Main.storyboard;
			sourceTree = "<group>";
		};
		4494C6F6266AC278001F402E /* LaunchScreen.storyboard */ = {
			isa = PBXVariantGroup;
			children = (
				4494C6F7266AC278001F402E /* Base */,
			);
			name = LaunchScreen.storyboard;
			sourceTree = "<group>";
		};
/* End PBXVariantGroup section */

/* Begin XCBuildConfiguration section */
		4494C6FA266AC278001F402E /* Debug */ = {
			isa = XCBuildConfiguration;
			buildSettings = {
				ALWAYS_SEARCH_USER_PATHS = NO;
				CLANG_ANALYZER_NONNULL = YES;
				CLANG_ANALYZER_NUMBER_OBJECT_CONVERSION = YES_AGGRESSIVE;
				CLANG_CXX_LANGUAGE_STANDARD = "gnu++14";
				CLANG_CXX_LIBRARY = "libc++";
				CLANG_ENABLE_MODULES = YES;
				CLANG_ENABLE_OBJC_ARC = YES;
				CLANG_ENABLE_OBJC_WEAK = YES;
				CLANG_WARN_BLOCK_CAPTURE_AUTORELEASING = YES;
				CLANG_WARN_BOOL_CONVERSION = YES;
				CLANG_WARN_COMMA = YES;
				CLANG_WARN_CONSTANT_CONVERSION = YES;
				CLANG_WARN_DEPRECATED_OBJC_IMPLEMENTATIONS = YES;
				CLANG_WARN_DIRECT_OBJC_ISA_USAGE = YES_ERROR;
				CLANG_WARN_DOCUMENTATION_COMMENTS = YES;
				CLANG_WARN_EMPTY_BODY = YES;
				CLANG_WARN_ENUM_CONVERSION = YES;
				CLANG_WARN_INFINITE_RECURSION = YES;
				CLANG_WARN_INT_CONVERSION = YES;
				CLANG_WARN_NON_LITERAL_NULL_CONVERSION = YES;
				CLANG_WARN_OBJC_IMPLICIT_RETAIN_SELF = YES;
				CLANG_WARN_OBJC_LITERAL_CONVERSION = YES;
				CLANG_WARN_OBJC_ROOT_CLASS = YES_ERROR;
				CLANG_WARN_QUOTED_INCLUDE_IN_FRAMEWORK_HEADER = YES;
				CLANG_WARN_RANGE_LOOP_ANALYSIS = YES;
				CLANG_WARN_STRICT_PROTOTYPES = YES;
				CLANG_WARN_SUSPICIOUS_MOVE = YES;
				CLANG_WARN_UNGUARDED_AVAILABILITY = YES_AGGRESSIVE;
				CLANG_WARN_UNREACHABLE_CODE = YES;
				CLANG_WARN__DUPLICATE_METHOD_MATCH = YES;
				COPY_PHASE_STRIP = NO;
				DEBUG_INFORMATION_FORMAT = dwarf;
				ENABLE_STRICT_OBJC_MSGSEND = YES;
				ENABLE_TESTABILITY = YES;
				GCC_C_LANGUAGE_STANDARD = gnu11;
				GCC_DYNAMIC_NO_PIC = NO;
				GCC_NO_COMMON_BLOCKS = YES;
				GCC_OPTIMIZATION_LEVEL = 0;
				GCC_PREPROCESSOR_DEFINITIONS = (
					"DEBUG=1",
					"$(inherited)",
				);
				GCC_WARN_64_TO_32_BIT_CONVERSION = YES;
				GCC_WARN_ABOUT_RETURN_TYPE = YES_ERROR;
				GCC_WARN_UNDECLARED_SELECTOR = YES;
				GCC_WARN_UNINITIALIZED_AUTOS = YES_AGGRESSIVE;
				GCC_WARN_UNUSED_FUNCTION = YES;
				GCC_WARN_UNUSED_VARIABLE = YES;
				IPHONEOS_DEPLOYMENT_TARGET = 14.4;
				MTL_ENABLE_DEBUG_INFO = INCLUDE_SOURCE;
				MTL_FAST_MATH = YES;
				ONLY_ACTIVE_ARCH = YES;
				SDKROOT = iphoneos;
				SWIFT_ACTIVE_COMPILATION_CONDITIONS = DEBUG;
				SWIFT_OPTIMIZATION_LEVEL = "-Onone";
			};
			name = Debug;
		};
		4494C6FB266AC278001F402E /* Release */ = {
			isa = XCBuildConfiguration;
			buildSettings = {
				ALWAYS_SEARCH_USER_PATHS = NO;
				CLANG_ANALYZER_NONNULL = YES;
				CLANG_ANALYZER_NUMBER_OBJECT_CONVERSION = YES_AGGRESSIVE;
				CLANG_CXX_LANGUAGE_STANDARD = "gnu++14";
				CLANG_CXX_LIBRARY = "libc++";
				CLANG_ENABLE_MODULES = YES;
				CLANG_ENABLE_OBJC_ARC = YES;
				CLANG_ENABLE_OBJC_WEAK = YES;
				CLANG_WARN_BLOCK_CAPTURE_AUTORELEASING = YES;
				CLANG_WARN_BOOL_CONVERSION = YES;
				CLANG_WARN_COMMA = YES;
				CLANG_WARN_CONSTANT_CONVERSION = YES;
				CLANG_WARN_DEPRECATED_OBJC_IMPLEMENTATIONS = YES;
				CLANG_WARN_DIRECT_OBJC_ISA_USAGE = YES_ERROR;
				CLANG_WARN_DOCUMENTATION_COMMENTS = YES;
				CLANG_WARN_EMPTY_BODY = YES;
				CLANG_WARN_ENUM_CONVERSION = YES;
				CLANG_WARN_INFINITE_RECURSION = YES;
				CLANG_WARN_INT_CONVERSION = YES;
				CLANG_WARN_NON_LITERAL_NULL_CONVERSION = YES;
				CLANG_WARN_OBJC_IMPLICIT_RETAIN_SELF = YES;
				CLANG_WARN_OBJC_LITERAL_CONVERSION = YES;
				CLANG_WARN_OBJC_ROOT_CLASS = YES_ERROR;
				CLANG_WARN_QUOTED_INCLUDE_IN_FRAMEWORK_HEADER = YES;
				CLANG_WARN_RANGE_LOOP_ANALYSIS = YES;
				CLANG_WARN_STRICT_PROTOTYPES = YES;
				CLANG_WARN_SUSPICIOUS_MOVE = YES;
				CLANG_WARN_UNGUARDED_AVAILABILITY = YES_AGGRESSIVE;
				CLANG_WARN_UNREACHABLE_CODE = YES;
				CLANG_WARN__DUPLICATE_METHOD_MATCH = YES;
				COPY_PHASE_STRIP = NO;
				DEBUG_INFORMATION_FORMAT = "dwarf-with-dsym";
				ENABLE_NS_ASSERTIONS = NO;
				ENABLE_STRICT_OBJC_MSGSEND = YES;
				GCC_C_LANGUAGE_STANDARD = gnu11;
				GCC_NO_COMMON_BLOCKS = YES;
				GCC_WARN_64_TO_32_BIT_CONVERSION = YES;
				GCC_WARN_ABOUT_RETURN_TYPE = YES_ERROR;
				GCC_WARN_UNDECLARED_SELECTOR = YES;
				GCC_WARN_UNINITIALIZED_AUTOS = YES_AGGRESSIVE;
				GCC_WARN_UNUSED_FUNCTION = YES;
				GCC_WARN_UNUSED_VARIABLE = YES;
				IPHONEOS_DEPLOYMENT_TARGET = 14.4;
				MTL_ENABLE_DEBUG_INFO = NO;
				MTL_FAST_MATH = YES;
				SDKROOT = iphoneos;
				SWIFT_COMPILATION_MODE = wholemodule;
				SWIFT_OPTIMIZATION_LEVEL = "-O";
				VALIDATE_PRODUCT = YES;
			};
			name = Release;
		};
		4494C6FD266AC278001F402E /* Debug */ = {
			isa = XCBuildConfiguration;
			buildSettings = {
				ASSETCATALOG_COMPILER_APPICON_NAME = AppIcon;
				ASSETCATALOG_COMPILER_GLOBAL_ACCENT_COLOR_NAME = AccentColor;
				CODE_SIGN_STYLE = Automatic;
				DEVELOPMENT_TEAM = 2GZCVQL39Y;
				INFOPLIST_FILE = "Alamfire MVVM/Info.plist";
				LD_RUNPATH_SEARCH_PATHS = (
					"$(inherited)",
					"@executable_path/Frameworks",
				);
				PRODUCT_BUNDLE_IDENTIFIER = "com.shaharyarbaig.Alamfire-MVVM";
				PRODUCT_NAME = "$(TARGET_NAME)";
				SWIFT_VERSION = 5.0;
				TARGETED_DEVICE_FAMILY = "1,2";
			};
			name = Debug;
		};
		4494C6FE266AC278001F402E /* Release */ = {
			isa = XCBuildConfiguration;
			buildSettings = {
				ASSETCATALOG_COMPILER_APPICON_NAME = AppIcon;
				ASSETCATALOG_COMPILER_GLOBAL_ACCENT_COLOR_NAME = AccentColor;
				CODE_SIGN_STYLE = Automatic;
				DEVELOPMENT_TEAM = 2GZCVQL39Y;
				INFOPLIST_FILE = "Alamfire MVVM/Info.plist";
				LD_RUNPATH_SEARCH_PATHS = (
					"$(inherited)",
					"@executable_path/Frameworks",
				);
				PRODUCT_BUNDLE_IDENTIFIER = "com.shaharyarbaig.Alamfire-MVVM";
				PRODUCT_NAME = "$(TARGET_NAME)";
				SWIFT_VERSION = 5.0;
				TARGETED_DEVICE_FAMILY = "1,2";
			};
			name = Release;
		};
/* End XCBuildConfiguration section */

/* Begin XCConfigurationList section */
		4494C6E3266AC275001F402E /* Build configuration list for PBXProject "Alamfire MVVM" */ = {
			isa = XCConfigurationList;
			buildConfigurations = (
				4494C6FA266AC278001F402E /* Debug */,
				4494C6FB266AC278001F402E /* Release */,
			);
			defaultConfigurationIsVisible = 0;
			defaultConfigurationName = Release;
		};
		4494C6FC266AC278001F402E /* Build configuration list for PBXNativeTarget "Alamfire MVVM" */ = {
			isa = XCConfigurationList;
			buildConfigurations = (
				4494C6FD266AC278001F402E /* Debug */,
				4494C6FE266AC278001F402E /* Release */,
			);
			defaultConfigurationIsVisible = 0;
			defaultConfigurationName = Release;
		};
/* End XCConfigurationList section */
	};
	rootObject = 4494C6E0266AC275001F402E /* Project object */;
}
